
Microsoft Visual Studio Solution File, Format Version 10.00
# Visual Studio 2008
Project("{FAE04EC0-301F-11D3-BF4B-00C04F79EFBC}") = "EvoLisaClone", "EvoLisaClone\EvoLisaClone.csproj", "{10C564FB-612B-4FF0-ADB7-ADC2B438A962}"
EndProject
Project("{FAE04EC0-301F-11D3-BF4B-00C04F79EFBC}") = "EvoLisaCloneTest", "EvoLisaCloneTest\EvoLisaCloneTest.csproj", "{BD8027E8-4604-4F05-8724-14CDA5C3161C}"
EndProject
Project("{2150E333-8FDC-42A3-9474-1A3956D46DE8}") = "Solution Items", "Solution Items", "{CA6E0D48-573B-467E-8DE1-BEC4789BB255}"
	ProjectSection(SolutionItems) = preProject
		EvoLisaClone.vsmdi = EvoLisaClone.vsmdi
		LocalTestRun.testrunconfig = LocalTestRun.testrunconfig
	EndProjectSection
EndProject
Global
	GlobalSection(TestCaseManagementSettings) = postSolution
		CategoryFile = EvoLisaClone.vsmdi
	EndGlobalSection
	GlobalSection(SolutionConfigurationPlatforms) = preSolution
		Debug|Any CPU = Debug|Any CPU
		Release|Any CPU = Release|Any CPU
	EndGlobalSection
	GlobalSection(ProjectConfigurationPlatforms) = postSolution
		{10C564FB-612B-4FF0-ADB7-ADC2B438A962}.Debug|Any CPU.ActiveCfg = Debug|Any CPU
		{10C564FB-612B-4FF0-ADB7-ADC2B438A962}.Debug|Any CPU.Build.0 = Debug|Any CPU
		{10C564FB-612B-4FF0-ADB7-ADC2B438A962}.Release|Any CPU.ActiveCfg = Release|Any CPU
		{10C564FB-612B-4FF0-ADB7-ADC2B438A962}.Release|Any CPU.Build.0 = Release|Any CPU
		{BD8027E8-4604-4F05-8724-14CDA5C3161C}.Debug|Any CPU.ActiveCfg = Debug|Any CPU
		{BD8027E8-4604-4F05-8724-14CDA5C3161C}.Debug|Any CPU.Build.0 = Debug|Any CPU
		{BD8027E8-4604-4F05-8724-14CDA5C3161C}.Release|Any CPU.ActiveCfg = Release|Any CPU
		{BD8027E8-4604-4F05-8724-14CDA5C3161C}.Release|Any CPU.Build.0 = Release|Any CPU
	EndGlobalSection
	GlobalSection(SolutionProperties) = preSolution
		HideSolutionNode = FALSE
	EndGlobalSection
EndGlobal
